
Microsoft Visual Studio Solution File, Format Version 11.00
# Visual Studio 2010
Project("{FAE04EC0-301F-11D3-BF4B-00C04F79EFBC}") = "Assembly-CSharp-Editor", "Assembly-CSharp-Editor.csproj", "{5b2a1328-84db-30c4-394b-fe52bee6595c}"
EndProject
Project("{FAE04EC0-301F-11D3-BF4B-00C04F79EFBC}") = "Assembly-CSharp", "Assembly-CSharp.csproj", "{7eee16f7-a5fc-55cd-3655-2a4a1e2acdf3}"
EndProject
Global
	GlobalSection(SolutionConfigurationPlatforms) = preSolution
		Debug|Any CPU = Debug|Any CPU
	EndGlobalSection
	GlobalSection(ProjectConfigurationPlatforms) = postSolution
		{5b2a1328-84db-30c4-394b-fe52bee6595c}.Debug|Any CPU.ActiveCfg = Debug|Any CPU
		{5b2a1328-84db-30c4-394b-fe52bee6595c}.Debug|Any CPU.Build.0 = Debug|Any CPU
		{7eee16f7-a5fc-55cd-3655-2a4a1e2acdf3}.Debug|Any CPU.ActiveCfg = Debug|Any CPU
		{7eee16f7-a5fc-55cd-3655-2a4a1e2acdf3}.Debug|Any CPU.Build.0 = Debug|Any CPU
	EndGlobalSection
	GlobalSection(SolutionProperties) = preSolution
		HideSolutionNode = FALSE
	EndGlobalSection
EndGlobal
